
Microsoft Visual Studio Solution File, Format Version 12.00
# Visual Studio Version 16
VisualStudioVersion = 16.0.30711.63
MinimumVisualStudioVersion = 10.0.40219.1
Project("{9A19103F-16F7-4668-BE54-9A1E7A4F7556}") = "SimpleConsumer", "examples\SimpleConsumer\SimpleConsumer.csproj", "{ECDA0400-203E-4647-81B4-224954F79520}"
EndProject
Project("{9A19103F-16F7-4668-BE54-9A1E7A4F7556}") = "SimpleProducer", "examples\SimpleProducer\SimpleProducer.csproj", "{F30D604D-22C5-415E-8F10-EBE0534F3885}"
EndProject
Project("{9A19103F-16F7-4668-BE54-9A1E7A4F7556}") = "Akka.Streams.Kafka", "src\Akka.Streams.Kafka\Akka.Streams.Kafka.csproj", "{21CFA085-3156-4766-9B2E-B5F1747DF87F}"
EndProject
Project("{9A19103F-16F7-4668-BE54-9A1E7A4F7556}") = "Akka.Streams.Kafka.Tests", "src\Akka.Streams.Kafka.Tests\Akka.Streams.Kafka.Tests.csproj", "{8A6E9E88-1BE5-48D0-B603-AEA151D68AB4}"
EndProject
Project("{2150E333-8FDC-42A3-9474-1A3956D46DE8}") = "examples", "examples", "{DBBF6380-3734-49B5-8BF6-74A7C33DFA55}"
EndProject
Project("{2150E333-8FDC-42A3-9474-1A3956D46DE8}") = "Solution Items", "Solution Items", "{568F6963-99B1-4E1C-8394-52E4064D6F32}"
	ProjectSection(SolutionItems) = preProject
		.editorconfig = .editorconfig
		docker-compose.yml = docker-compose.yml
		README.md = README.md
		RELEASE_NOTES.md = RELEASE_NOTES.md
	EndProjectSection
EndProject
Project("{FAE04EC0-301F-11D3-BF4B-00C04F79EFBC}") = "EventHub.Producer", "examples\EventHub.Producer\EventHub.Producer.csproj", "{B428BB4E-5B31-47E2-A1CB-A85FBCE436F2}"
EndProject
Project("{FAE04EC0-301F-11D3-BF4B-00C04F79EFBC}") = "EventHub.Consumer", "examples\EventHub.Consumer\EventHub.Consumer.csproj", "{9B4B5FBF-A46C-490E-8E19-72F577A1C31E}"
EndProject
Project("{FAE04EC0-301F-11D3-BF4B-00C04F79EFBC}") = "Akka.Streams.Kafka.Benchmark", "src\Akka.Streams.Kafka.Benchmark\Akka.Streams.Kafka.Benchmark.csproj", "{1BF52F4E-93FA-40C4-8985-C21D779C7997}"
EndProject
Project("{FAE04EC0-301F-11D3-BF4B-00C04F79EFBC}") = "Akka.Streams.Kafka.Cpu.Benchmark", "src\Akka.Streams.Kafka.Cpu.Benchmark\Akka.Streams.Kafka.Cpu.Benchmark.csproj", "{FEE40CB8-0B72-4E7C-9F8A-722005096760}"
EndProject
Project("{FAE04EC0-301F-11D3-BF4B-00C04F79EFBC}") = "Kafka.Partitioned.Consumer", "examples\Kafka.Partitioned.Consumer\Kafka.Partitioned.Consumer.csproj", "{EB6C9C63-DA66-44E6-938B-5CA0D3F4312E}"
EndProject
Global
	GlobalSection(SolutionConfigurationPlatforms) = preSolution
		Debug|Any CPU = Debug|Any CPU
		Release|Any CPU = Release|Any CPU
	EndGlobalSection
	GlobalSection(ProjectConfigurationPlatforms) = postSolution
		{ECDA0400-203E-4647-81B4-224954F79520}.Debug|Any CPU.ActiveCfg = Debug|Any CPU
		{ECDA0400-203E-4647-81B4-224954F79520}.Debug|Any CPU.Build.0 = Debug|Any CPU
		{ECDA0400-203E-4647-81B4-224954F79520}.Release|Any CPU.ActiveCfg = Release|Any CPU
		{ECDA0400-203E-4647-81B4-224954F79520}.Release|Any CPU.Build.0 = Release|Any CPU
		{F30D604D-22C5-415E-8F10-EBE0534F3885}.Debug|Any CPU.ActiveCfg = Debug|Any CPU
		{F30D604D-22C5-415E-8F10-EBE0534F3885}.Debug|Any CPU.Build.0 = Debug|Any CPU
		{F30D604D-22C5-415E-8F10-EBE0534F3885}.Release|Any CPU.ActiveCfg = Release|Any CPU
		{F30D604D-22C5-415E-8F10-EBE0534F3885}.Release|Any CPU.Build.0 = Release|Any CPU
		{21CFA085-3156-4766-9B2E-B5F1747DF87F}.Debug|Any CPU.ActiveCfg = Debug|Any CPU
		{21CFA085-3156-4766-9B2E-B5F1747DF87F}.Debug|Any CPU.Build.0 = Debug|Any CPU
		{21CFA085-3156-4766-9B2E-B5F1747DF87F}.Release|Any CPU.ActiveCfg = Release|Any CPU
		{21CFA085-3156-4766-9B2E-B5F1747DF87F}.Release|Any CPU.Build.0 = Release|Any CPU
		{8A6E9E88-1BE5-48D0-B603-AEA151D68AB4}.Debug|Any CPU.ActiveCfg = Debug|Any CPU
		{8A6E9E88-1BE5-48D0-B603-AEA151D68AB4}.Debug|Any CPU.Build.0 = Debug|Any CPU
		{8A6E9E88-1BE5-48D0-B603-AEA151D68AB4}.Release|Any CPU.ActiveCfg = Release|Any CPU
		{8A6E9E88-1BE5-48D0-B603-AEA151D68AB4}.Release|Any CPU.Build.0 = Release|Any CPU
		{B428BB4E-5B31-47E2-A1CB-A85FBCE436F2}.Debug|Any CPU.ActiveCfg = Debug|Any CPU
		{B428BB4E-5B31-47E2-A1CB-A85FBCE436F2}.Debug|Any CPU.Build.0 = Debug|Any CPU
		{B428BB4E-5B31-47E2-A1CB-A85FBCE436F2}.Release|Any CPU.ActiveCfg = Release|Any CPU
		{B428BB4E-5B31-47E2-A1CB-A85FBCE436F2}.Release|Any CPU.Build.0 = Release|Any CPU
		{9B4B5FBF-A46C-490E-8E19-72F577A1C31E}.Debug|Any CPU.ActiveCfg = Debug|Any CPU
		{9B4B5FBF-A46C-490E-8E19-72F577A1C31E}.Debug|Any CPU.Build.0 = Debug|Any CPU
		{9B4B5FBF-A46C-490E-8E19-72F577A1C31E}.Release|Any CPU.ActiveCfg = Release|Any CPU
		{9B4B5FBF-A46C-490E-8E19-72F577A1C31E}.Release|Any CPU.Build.0 = Release|Any CPU
		{1BF52F4E-93FA-40C4-8985-C21D779C7997}.Debug|Any CPU.ActiveCfg = Debug|Any CPU
		{1BF52F4E-93FA-40C4-8985-C21D779C7997}.Debug|Any CPU.Build.0 = Debug|Any CPU
		{1BF52F4E-93FA-40C4-8985-C21D779C7997}.Release|Any CPU.ActiveCfg = Release|Any CPU
		{1BF52F4E-93FA-40C4-8985-C21D779C7997}.Release|Any CPU.Build.0 = Release|Any CPU
		{FEE40CB8-0B72-4E7C-9F8A-722005096760}.Debug|Any CPU.ActiveCfg = Debug|Any CPU
		{FEE40CB8-0B72-4E7C-9F8A-722005096760}.Debug|Any CPU.Build.0 = Debug|Any CPU
		{FEE40CB8-0B72-4E7C-9F8A-722005096760}.Release|Any CPU.ActiveCfg = Release|Any CPU
		{FEE40CB8-0B72-4E7C-9F8A-722005096760}.Release|Any CPU.Build.0 = Release|Any CPU
		{EB6C9C63-DA66-44E6-938B-5CA0D3F4312E}.Debug|Any CPU.ActiveCfg = Debug|Any CPU
		{EB6C9C63-DA66-44E6-938B-5CA0D3F4312E}.Debug|Any CPU.Build.0 = Debug|Any CPU
		{EB6C9C63-DA66-44E6-938B-5CA0D3F4312E}.Release|Any CPU.ActiveCfg = Release|Any CPU
		{EB6C9C63-DA66-44E6-938B-5CA0D3F4312E}.Release|Any CPU.Build.0 = Release|Any CPU
	EndGlobalSection
	GlobalSection(SolutionProperties) = preSolution
		HideSolutionNode = FALSE
	EndGlobalSection
	GlobalSection(NestedProjects) = preSolution
		{ECDA0400-203E-4647-81B4-224954F79520} = {DBBF6380-3734-49B5-8BF6-74A7C33DFA55}
		{F30D604D-22C5-415E-8F10-EBE0534F3885} = {DBBF6380-3734-49B5-8BF6-74A7C33DFA55}
		{B428BB4E-5B31-47E2-A1CB-A85FBCE436F2} = {DBBF6380-3734-49B5-8BF6-74A7C33DFA55}
		{9B4B5FBF-A46C-490E-8E19-72F577A1C31E} = {DBBF6380-3734-49B5-8BF6-74A7C33DFA55}
		{EB6C9C63-DA66-44E6-938B-5CA0D3F4312E} = {DBBF6380-3734-49B5-8BF6-74A7C33DFA55}
	EndGlobalSection
	GlobalSection(ExtensibilityGlobals) = postSolution
		SolutionGuid = {4B399516-A19F-4B0E-9AA9-CD6197619BE0}
	EndGlobalSection
EndGlobal
